// !$*UTF8*$!
{
	archiveVersion = 1;
	classes = {
	};
	objectVersion = 56;
	objects = {

/* Begin PBXBuildFile section */
		2A1F21E52BB5A8E40081DBEF /* AppDelegate.swift in Sources */ = {isa = PBXBuildFile; fileRef = 2A1F21E42BB5A8E40081DBEF /* AppDelegate.swift */; };
		2A1F21E72BB5A8E40081DBEF /* SceneDelegate.swift in Sources */ = {isa = PBXBuildFile; fileRef = 2A1F21E62BB5A8E40081DBEF /* SceneDelegate.swift */; };
		2A1F21E92BB5A8E40081DBEF /* ViewController.swift in Sources */ = {isa = PBXBuildFile; fileRef = 2A1F21E82BB5A8E40081DBEF /* ViewController.swift */; };
		2A1F21EE2BB5A8E60081DBEF /* Assets.xcassets in Resources */ = {isa = PBXBuildFile; fileRef = 2A1F21ED2BB5A8E60081DBEF /* Assets.xcassets */; };
		2A1F21F12BB5A8E60081DBEF /* LaunchScreen.storyboard in Resources */ = {isa = PBXBuildFile; fileRef = 2A1F21EF2BB5A8E60081DBEF /* LaunchScreen.storyboard */; };
		2A1F21FA2BB5A9B40081DBEF /* SecondViewController.swift in Sources */ = {isa = PBXBuildFile; fileRef = 2A1F21F82BB5A9B40081DBEF /* SecondViewController.swift */; };
		2A1FAB922BC85D960045213B /* TabBarController.swift in Sources */ = {isa = PBXBuildFile; fileRef = 2A1FAB912BC85D960045213B /* TabBarController.swift */; };
		2A1FAB982BC873180045213B /* Greeting.swift in Sources */ = {isa = PBXBuildFile; fileRef = 2A1FAB972BC873180045213B /* Greeting.swift */; };
		2A2D2A052BC05FAD00A28421 /* TaskTwoViewController1.swift in Sources */ = {isa = PBXBuildFile; fileRef = 2A2D2A042BC05FAD00A28421 /* TaskTwoViewController1.swift */; };
		2A2D2A072BC05FBE00A28421 /* TaskTwoViewController2.swift in Sources */ = {isa = PBXBuildFile; fileRef = 2A2D2A062BC05FBE00A28421 /* TaskTwoViewController2.swift */; };
		2A2D2A0A2BC07AC500A28421 /* TaskTwoViewController2Delegate.swift in Sources */ = {isa = PBXBuildFile; fileRef = 2A2D2A092BC07AC500A28421 /* TaskTwoViewController2Delegate.swift */; };
		2A54A0E02C236EFE007A1946 /* GreetingViewController.swift in Sources */ = {isa = PBXBuildFile; fileRef = 2A54A0DF2C236EFE007A1946 /* GreetingViewController.swift */; };
		2A54A0E22C236F16007A1946 /* EditingViewController.swift in Sources */ = {isa = PBXBuildFile; fileRef = 2A54A0E12C236F16007A1946 /* EditingViewController.swift */; };
		2ABEED432BC83B2B00FA057E /* LogInViewController.swift in Sources */ = {isa = PBXBuildFile; fileRef = 2ABEED422BC83B2B00FA057E /* LogInViewController.swift */; };
		2ABEED452BC83BBC00FA057E /* HelloViewController.swift in Sources */ = {isa = PBXBuildFile; fileRef = 2ABEED442BC83BBC00FA057E /* HelloViewController.swift */; };
		2ABEED472BC83BDC00FA057E /* EditHelloViewController.swift in Sources */ = {isa = PBXBuildFile; fileRef = 2ABEED462BC83BDC00FA057E /* EditHelloViewController.swift */; };
		2AF1B0FD2BD1447100861EEA /* NumbersViewController.swift in Sources */ = {isa = PBXBuildFile; fileRef = 2AF1B0FC2BD1447100861EEA /* NumbersViewController.swift */; };
/* End PBXBuildFile section */

/* Begin PBXFileReference section */
		2A1F21E12BB5A8E40081DBEF /* Hello_App.app */ = {isa = PBXFileReference; explicitFileType = wrapper.application; includeInIndex = 0; path = Hello_App.app; sourceTree = BUILT_PRODUCTS_DIR; };
		2A1F21E42BB5A8E40081DBEF /* AppDelegate.swift */ = {isa = PBXFileReference; lastKnownFileType = sourcecode.swift; path = AppDelegate.swift; sourceTree = "<group>"; };
		2A1F21E62BB5A8E40081DBEF /* SceneDelegate.swift */ = {isa = PBXFileReference; lastKnownFileType = sourcecode.swift; path = SceneDelegate.swift; sourceTree = "<group>"; };
		2A1F21E82BB5A8E40081DBEF /* ViewController.swift */ = {isa = PBXFileReference; lastKnownFileType = sourcecode.swift; path = ViewController.swift; sourceTree = "<group>"; };
		2A1F21ED2BB5A8E60081DBEF /* Assets.xcassets */ = {isa = PBXFileReference; lastKnownFileType = folder.assetcatalog; path = Assets.xcassets; sourceTree = "<group>"; };
		2A1F21F02BB5A8E60081DBEF /* Base */ = {isa = PBXFileReference; lastKnownFileType = file.storyboard; name = Base; path = Base.lproj/LaunchScreen.storyboard; sourceTree = "<group>"; };
		2A1F21F22BB5A8E60081DBEF /* Info.plist */ = {isa = PBXFileReference; lastKnownFileType = text.plist.xml; path = Info.plist; sourceTree = "<group>"; };
		2A1F21F82BB5A9B40081DBEF /* SecondViewController.swift */ = {isa = PBXFileReference; lastKnownFileType = sourcecode.swift; path = SecondViewController.swift; sourceTree = "<group>"; };
		2A1FAB912BC85D960045213B /* TabBarController.swift */ = {isa = PBXFileReference; lastKnownFileType = sourcecode.swift; path = TabBarController.swift; sourceTree = "<group>"; };
		2A1FAB972BC873180045213B /* Greeting.swift */ = {isa = PBXFileReference; lastKnownFileType = sourcecode.swift; path = Greeting.swift; sourceTree = "<group>"; };
		2A2D2A042BC05FAD00A28421 /* TaskTwoViewController1.swift */ = {isa = PBXFileReference; lastKnownFileType = sourcecode.swift; path = TaskTwoViewController1.swift; sourceTree = "<group>"; };
		2A2D2A062BC05FBE00A28421 /* TaskTwoViewController2.swift */ = {isa = PBXFileReference; lastKnownFileType = sourcecode.swift; path = TaskTwoViewController2.swift; sourceTree = "<group>"; };
		2A2D2A092BC07AC500A28421 /* TaskTwoViewController2Delegate.swift */ = {isa = PBXFileReference; lastKnownFileType = sourcecode.swift; path = TaskTwoViewController2Delegate.swift; sourceTree = "<group>"; };
		2A54A0DF2C236EFE007A1946 /* GreetingViewController.swift */ = {isa = PBXFileReference; lastKnownFileType = sourcecode.swift; path = GreetingViewController.swift; sourceTree = "<group>"; };
		2A54A0E12C236F16007A1946 /* EditingViewController.swift */ = {isa = PBXFileReference; lastKnownFileType = sourcecode.swift; path = EditingViewController.swift; sourceTree = "<group>"; };
		2ABEED422BC83B2B00FA057E /* LogInViewController.swift */ = {isa = PBXFileReference; lastKnownFileType = sourcecode.swift; path = LogInViewController.swift; sourceTree = "<group>"; };
		2ABEED442BC83BBC00FA057E /* HelloViewController.swift */ = {isa = PBXFileReference; lastKnownFileType = sourcecode.swift; path = HelloViewController.swift; sourceTree = "<group>"; };
		2ABEED462BC83BDC00FA057E /* EditHelloViewController.swift */ = {isa = PBXFileReference; lastKnownFileType = sourcecode.swift; path = EditHelloViewController.swift; sourceTree = "<group>"; };
		2AF1B0FC2BD1447100861EEA /* NumbersViewController.swift */ = {isa = PBXFileReference; lastKnownFileType = sourcecode.swift; path = NumbersViewController.swift; sourceTree = "<group>"; };
/* End PBXFileReference section */

/* Begin PBXFrameworksBuildPhase section */
		2A1F21DE2BB5A8E40081DBEF /* Frameworks */ = {
			isa = PBXFrameworksBuildPhase;
			buildActionMask = 2147483647;
			files = (
			);
			runOnlyForDeploymentPostprocessing = 0;
		};
/* End PBXFrameworksBuildPhase section */

/* Begin PBXGroup section */
		2A1F21D82BB5A8E40081DBEF = {
			isa = PBXGroup;
			children = (
				2A1F21E32BB5A8E40081DBEF /* Hello_App */,
				2A1F21E22BB5A8E40081DBEF /* Products */,
			);
			sourceTree = "<group>";
		};
		2A1F21E22BB5A8E40081DBEF /* Products */ = {
			isa = PBXGroup;
			children = (
				2A1F21E12BB5A8E40081DBEF /* Hello_App.app */,
			);
			name = Products;
			sourceTree = "<group>";
		};
		2A1F21E32BB5A8E40081DBEF /* Hello_App */ = {
			isa = PBXGroup;
			children = (
				2A1F21E42BB5A8E40081DBEF /* AppDelegate.swift */,
				2A1F21E62BB5A8E40081DBEF /* SceneDelegate.swift */,
				2A54A0DE2C236DB3007A1946 /* Closures */,
				2ABEED3D2BC827D000FA057E /* Task3 */,
				2A2D2A082BC07A9300A28421 /* Task2 */,
				2A2D2A032BC05F8900A28421 /* Task1 */,
				2A1F21ED2BB5A8E60081DBEF /* Assets.xcassets */,
				2A1F21EF2BB5A8E60081DBEF /* LaunchScreen.storyboard */,
				2A1F21F22BB5A8E60081DBEF /* Info.plist */,
			);
			path = Hello_App;
			sourceTree = "<group>";
		};
		2A2D2A032BC05F8900A28421 /* Task1 */ = {
			isa = PBXGroup;
			children = (
				2A1F21E82BB5A8E40081DBEF /* ViewController.swift */,
				2A1F21F82BB5A9B40081DBEF /* SecondViewController.swift */,
			);
			path = Task1;
			sourceTree = "<group>";
		};
		2A2D2A082BC07A9300A28421 /* Task2 */ = {
			isa = PBXGroup;
			children = (
				2A2D2A042BC05FAD00A28421 /* TaskTwoViewController1.swift */,
				2A2D2A062BC05FBE00A28421 /* TaskTwoViewController2.swift */,
				2A2D2A092BC07AC500A28421 /* TaskTwoViewController2Delegate.swift */,
			);
			path = Task2;
			sourceTree = "<group>";
		};
		2A54A0DE2C236DB3007A1946 /* Closures */ = {
			isa = PBXGroup;
			children = (
				2A54A0DF2C236EFE007A1946 /* GreetingViewController.swift */,
				2A54A0E12C236F16007A1946 /* EditingViewController.swift */,
			);
			path = Closures;
			sourceTree = "<group>";
		};
		2ABEED3D2BC827D000FA057E /* Task3 */ = {
			isa = PBXGroup;
			children = (
				2ABEED422BC83B2B00FA057E /* LogInViewController.swift */,
				2A1FAB912BC85D960045213B /* TabBarController.swift */,
				2AF1B0FC2BD1447100861EEA /* NumbersViewController.swift */,
				2A1FAB972BC873180045213B /* Greeting.swift */,
				2ABEED442BC83BBC00FA057E /* HelloViewController.swift */,
				2ABEED462BC83BDC00FA057E /* EditHelloViewController.swift */,
			);
			path = Task3;
			sourceTree = "<group>";
		};
/* End PBXGroup section */

/* Begin PBXNativeTarget section */
		2A1F21E02BB5A8E40081DBEF /* Hello_App */ = {
			isa = PBXNativeTarget;
			buildConfigurationList = 2A1F21F52BB5A8E60081DBEF /* Build configuration list for PBXNativeTarget "Hello_App" */;
			buildPhases = (
				2A1F21DD2BB5A8E40081DBEF /* Sources */,
				2A1F21DE2BB5A8E40081DBEF /* Frameworks */,
				2A1F21DF2BB5A8E40081DBEF /* Resources */,
			);
			buildRules = (
			);
			dependencies = (
			);
			name = Hello_App;
			productName = Hello_App;
			productReference = 2A1F21E12BB5A8E40081DBEF /* Hello_App.app */;
			productType = "com.apple.product-type.application";
		};
/* End PBXNativeTarget section */

/* Begin PBXProject section */
		2A1F21D92BB5A8E40081DBEF /* Project object */ = {
			isa = PBXProject;
			attributes = {
				BuildIndependentTargetsInParallel = 1;
				LastSwiftUpdateCheck = 1520;
				LastUpgradeCheck = 1520;
				TargetAttributes = {
					2A1F21E02BB5A8E40081DBEF = {
						CreatedOnToolsVersion = 15.2;
					};
				};
			};
			buildConfigurationList = 2A1F21DC2BB5A8E40081DBEF /* Build configuration list for PBXProject "Hello_App" */;
			compatibilityVersion = "Xcode 14.0";
			developmentRegion = en;
			hasScannedForEncodings = 0;
			knownRegions = (
				en,
				Base,
			);
			mainGroup = 2A1F21D82BB5A8E40081DBEF;
			productRefGroup = 2A1F21E22BB5A8E40081DBEF /* Products */;
			projectDirPath = "";
			projectRoot = "";
			targets = (
				2A1F21E02BB5A8E40081DBEF /* Hello_App */,
			);
		};
/* End PBXProject section */

/* Begin PBXResourcesBuildPhase section */
		2A1F21DF2BB5A8E40081DBEF /* Resources */ = {
			isa = PBXResourcesBuildPhase;
			buildActionMask = 2147483647;
			files = (
				2A1F21F12BB5A8E60081DBEF /* LaunchScreen.storyboard in Resources */,
				2A1F21EE2BB5A8E60081DBEF /* Assets.xcassets in Resources */,
			);
			runOnlyForDeploymentPostprocessing = 0;
		};
/* End PBXResourcesBuildPhase section */

/* Begin PBXSourcesBuildPhase section */
		2A1F21DD2BB5A8E40081DBEF /* Sources */ = {
			isa = PBXSourcesBuildPhase;
			buildActionMask = 2147483647;
			files = (
				2A1F21FA2BB5A9B40081DBEF /* SecondViewController.swift in Sources */,
				2ABEED452BC83BBC00FA057E /* HelloViewController.swift in Sources */,
				2A1FAB922BC85D960045213B /* TabBarController.swift in Sources */,
				2A1FAB982BC873180045213B /* Greeting.swift in Sources */,
				2A1F21E92BB5A8E40081DBEF /* ViewController.swift in Sources */,
				2A2D2A0A2BC07AC500A28421 /* TaskTwoViewController2Delegate.swift in Sources */,
				2AF1B0FD2BD1447100861EEA /* NumbersViewController.swift in Sources */,
				2ABEED472BC83BDC00FA057E /* EditHelloViewController.swift in Sources */,
				2A1F21E52BB5A8E40081DBEF /* AppDelegate.swift in Sources */,
				2ABEED432BC83B2B00FA057E /* LogInViewController.swift in Sources */,
				2A2D2A052BC05FAD00A28421 /* TaskTwoViewController1.swift in Sources */,
				2A54A0E02C236EFE007A1946 /* GreetingViewController.swift in Sources */,
				2A1F21E72BB5A8E40081DBEF /* SceneDelegate.swift in Sources */,
				2A54A0E22C236F16007A1946 /* EditingViewController.swift in Sources */,
				2A2D2A072BC05FBE00A28421 /* TaskTwoViewController2.swift in Sources */,
			);
			runOnlyForDeploymentPostprocessing = 0;
		};
/* End PBXSourcesBuildPhase section */

/* Begin PBXVariantGroup section */
		2A1F21EF2BB5A8E60081DBEF /* LaunchScreen.storyboard */ = {
			isa = PBXVariantGroup;
			children = (
				2A1F21F02BB5A8E60081DBEF /* Base */,
			);
			name = LaunchScreen.storyboard;
			sourceTree = "<group>";
		};
/* End PBXVariantGroup section */

/* Begin XCBuildConfiguration section */
		2A1F21F32BB5A8E60081DBEF /* Debug */ = {
			isa = XCBuildConfiguration;
			buildSettings = {
				ALWAYS_SEARCH_USER_PATHS = NO;
				ASSETCATALOG_COMPILER_GENERATE_SWIFT_ASSET_SYMBOL_EXTENSIONS = YES;
				CLANG_ANALYZER_NONNULL = YES;
				CLANG_ANALYZER_NUMBER_OBJECT_CONVERSION = YES_AGGRESSIVE;
				CLANG_CXX_LANGUAGE_STANDARD = "gnu++20";
				CLANG_ENABLE_MODULES = YES;
				CLANG_ENABLE_OBJC_ARC = YES;
				CLANG_ENABLE_OBJC_WEAK = YES;
				CLANG_WARN_BLOCK_CAPTURE_AUTORELEASING = YES;
				CLANG_WARN_BOOL_CONVERSION = YES;
				CLANG_WARN_COMMA = YES;
				CLANG_WARN_CONSTANT_CONVERSION = YES;
				CLANG_WARN_DEPRECATED_OBJC_IMPLEMENTATIONS = YES;
				CLANG_WARN_DIRECT_OBJC_ISA_USAGE = YES_ERROR;
				CLANG_WARN_DOCUMENTATION_COMMENTS = YES;
				CLANG_WARN_EMPTY_BODY = YES;
				CLANG_WARN_ENUM_CONVERSION = YES;
				CLANG_WARN_INFINITE_RECURSION = YES;
				CLANG_WARN_INT_CONVERSION = YES;
				CLANG_WARN_NON_LITERAL_NULL_CONVERSION = YES;
				CLANG_WARN_OBJC_IMPLICIT_RETAIN_SELF = YES;
				CLANG_WARN_OBJC_LITERAL_CONVERSION = YES;
				CLANG_WARN_OBJC_ROOT_CLASS = YES_ERROR;
				CLANG_WARN_QUOTED_INCLUDE_IN_FRAMEWORK_HEADER = YES;
				CLANG_WARN_RANGE_LOOP_ANALYSIS = YES;
				CLANG_WARN_STRICT_PROTOTYPES = YES;
				CLANG_WARN_SUSPICIOUS_MOVE = YES;
				CLANG_WARN_UNGUARDED_AVAILABILITY = YES_AGGRESSIVE;
				CLANG_WARN_UNREACHABLE_CODE = YES;
				CLANG_WARN__DUPLICATE_METHOD_MATCH = YES;
				COPY_PHASE_STRIP = NO;
				DEBUG_INFORMATION_FORMAT = dwarf;
				ENABLE_STRICT_OBJC_MSGSEND = YES;
				ENABLE_TESTABILITY = YES;
				ENABLE_USER_SCRIPT_SANDBOXING = YES;
				GCC_C_LANGUAGE_STANDARD = gnu17;
				GCC_DYNAMIC_NO_PIC = NO;
				GCC_NO_COMMON_BLOCKS = YES;
				GCC_OPTIMIZATION_LEVEL = 0;
				GCC_PREPROCESSOR_DEFINITIONS = (
					"DEBUG=1",
					"$(inherited)",
				);
				GCC_WARN_64_TO_32_BIT_CONVERSION = YES;
				GCC_WARN_ABOUT_RETURN_TYPE = YES_ERROR;
				GCC_WARN_UNDECLARED_SELECTOR = YES;
				GCC_WARN_UNINITIALIZED_AUTOS = YES_AGGRESSIVE;
				GCC_WARN_UNUSED_FUNCTION = YES;
				GCC_WARN_UNUSED_VARIABLE = YES;
				IPHONEOS_DEPLOYMENT_TARGET = 17.2;
				LOCALIZATION_PREFERS_STRING_CATALOGS = YES;
				MTL_ENABLE_DEBUG_INFO = INCLUDE_SOURCE;
				MTL_FAST_MATH = YES;
				ONLY_ACTIVE_ARCH = YES;
				SDKROOT = iphoneos;
				SWIFT_ACTIVE_COMPILATION_CONDITIONS = "DEBUG $(inherited)";
				SWIFT_OPTIMIZATION_LEVEL = "-Onone";
			};
			name = Debug;
		};
		2A1F21F42BB5A8E60081DBEF /* Release */ = {
			isa = XCBuildConfiguration;
			buildSettings = {
				ALWAYS_SEARCH_USER_PATHS = NO;
				ASSETCATALOG_COMPILER_GENERATE_SWIFT_ASSET_SYMBOL_EXTENSIONS = YES;
				CLANG_ANALYZER_NONNULL = YES;
				CLANG_ANALYZER_NUMBER_OBJECT_CONVERSION = YES_AGGRESSIVE;
				CLANG_CXX_LANGUAGE_STANDARD = "gnu++20";
				CLANG_ENABLE_MODULES = YES;
				CLANG_ENABLE_OBJC_ARC = YES;
				CLANG_ENABLE_OBJC_WEAK = YES;
				CLANG_WARN_BLOCK_CAPTURE_AUTORELEASING = YES;
				CLANG_WARN_BOOL_CONVERSION = YES;
				CLANG_WARN_COMMA = YES;
				CLANG_WARN_CONSTANT_CONVERSION = YES;
				CLANG_WARN_DEPRECATED_OBJC_IMPLEMENTATIONS = YES;
				CLANG_WARN_DIRECT_OBJC_ISA_USAGE = YES_ERROR;
				CLANG_WARN_DOCUMENTATION_COMMENTS = YES;
				CLANG_WARN_EMPTY_BODY = YES;
				CLANG_WARN_ENUM_CONVERSION = YES;
				CLANG_WARN_INFINITE_RECURSION = YES;
				CLANG_WARN_INT_CONVERSION = YES;
				CLANG_WARN_NON_LITERAL_NULL_CONVERSION = YES;
				CLANG_WARN_OBJC_IMPLICIT_RETAIN_SELF = YES;
				CLANG_WARN_OBJC_LITERAL_CONVERSION = YES;
				CLANG_WARN_OBJC_ROOT_CLASS = YES_ERROR;
				CLANG_WARN_QUOTED_INCLUDE_IN_FRAMEWORK_HEADER = YES;
				CLANG_WARN_RANGE_LOOP_ANALYSIS = YES;
				CLANG_WARN_STRICT_PROTOTYPES = YES;
				CLANG_WARN_SUSPICIOUS_MOVE = YES;
				CLANG_WARN_UNGUARDED_AVAILABILITY = YES_AGGRESSIVE;
				CLANG_WARN_UNREACHABLE_CODE = YES;
				CLANG_WARN__DUPLICATE_METHOD_MATCH = YES;
				COPY_PHASE_STRIP = NO;
				DEBUG_INFORMATION_FORMAT = "dwarf-with-dsym";
				ENABLE_NS_ASSERTIONS = NO;
				ENABLE_STRICT_OBJC_MSGSEND = YES;
				ENABLE_USER_SCRIPT_SANDBOXING = YES;
				GCC_C_LANGUAGE_STANDARD = gnu17;
				GCC_NO_COMMON_BLOCKS = YES;
				GCC_WARN_64_TO_32_BIT_CONVERSION = YES;
				GCC_WARN_ABOUT_RETURN_TYPE = YES_ERROR;
				GCC_WARN_UNDECLARED_SELECTOR = YES;
				GCC_WARN_UNINITIALIZED_AUTOS = YES_AGGRESSIVE;
				GCC_WARN_UNUSED_FUNCTION = YES;
				GCC_WARN_UNUSED_VARIABLE = YES;
				IPHONEOS_DEPLOYMENT_TARGET = 17.2;
				LOCALIZATION_PREFERS_STRING_CATALOGS = YES;
				MTL_ENABLE_DEBUG_INFO = NO;
				MTL_FAST_MATH = YES;
				SDKROOT = iphoneos;
				SWIFT_COMPILATION_MODE = wholemodule;
				VALIDATE_PRODUCT = YES;
			};
			name = Release;
		};
		2A1F21F62BB5A8E60081DBEF /* Debug */ = {
			isa = XCBuildConfiguration;
			buildSettings = {
				ASSETCATALOG_COMPILER_APPICON_NAME = AppIcon;
				ASSETCATALOG_COMPILER_GLOBAL_ACCENT_COLOR_NAME = AccentColor;
				CODE_SIGN_STYLE = Automatic;
				CURRENT_PROJECT_VERSION = 1;
				DEVELOPMENT_TEAM = 3D9654QHU9;
				GENERATE_INFOPLIST_FILE = YES;
				INFOPLIST_FILE = Hello_App/Info.plist;
				INFOPLIST_KEY_UIApplicationSupportsIndirectInputEvents = YES;
				INFOPLIST_KEY_UILaunchStoryboardName = LaunchScreen;
				INFOPLIST_KEY_UIMainStoryboardFile = "";
				INFOPLIST_KEY_UISupportedInterfaceOrientations_iPad = "UIInterfaceOrientationPortrait UIInterfaceOrientationPortraitUpsideDown UIInterfaceOrientationLandscapeLeft UIInterfaceOrientationLandscapeRight";
				INFOPLIST_KEY_UISupportedInterfaceOrientations_iPhone = "UIInterfaceOrientationPortrait UIInterfaceOrientationLandscapeLeft UIInterfaceOrientationLandscapeRight";
				IPHONEOS_DEPLOYMENT_TARGET = 17.0;
				LD_RUNPATH_SEARCH_PATHS = (
					"$(inherited)",
					"@executable_path/Frameworks",
				);
				MARKETING_VERSION = 1.0;
				PRODUCT_BUNDLE_IDENTIFIER = "alexnikxx.Hello-App";
				PRODUCT_NAME = "$(TARGET_NAME)";
				SWIFT_EMIT_LOC_STRINGS = YES;
				SWIFT_VERSION = 5.0;
				TARGETED_DEVICE_FAMILY = "1,2";
			};
			name = Debug;
		};
		2A1F21F72BB5A8E60081DBEF /* Release */ = {
			isa = XCBuildConfiguration;
			buildSettings = {
				ASSETCATALOG_COMPILER_APPICON_NAME = AppIcon;
				ASSETCATALOG_COMPILER_GLOBAL_ACCENT_COLOR_NAME = AccentColor;
				CODE_SIGN_STYLE = Automatic;
				CURRENT_PROJECT_VERSION = 1;
				DEVELOPMENT_TEAM = 3D9654QHU9;
				GENERATE_INFOPLIST_FILE = YES;
				INFOPLIST_FILE = Hello_App/Info.plist;
				INFOPLIST_KEY_UIApplicationSupportsIndirectInputEvents = YES;
				INFOPLIST_KEY_UILaunchStoryboardName = LaunchScreen;
				INFOPLIST_KEY_UIMainStoryboardFile = "";
				INFOPLIST_KEY_UISupportedInterfaceOrientations_iPad = "UIInterfaceOrientationPortrait UIInterfaceOrientationPortraitUpsideDown UIInterfaceOrientationLandscapeLeft UIInterfaceOrientationLandscapeRight";
				INFOPLIST_KEY_UISupportedInterfaceOrientations_iPhone = "UIInterfaceOrientationPortrait UIInterfaceOrientationLandscapeLeft UIInterfaceOrientationLandscapeRight";
				IPHONEOS_DEPLOYMENT_TARGET = 17.0;
				LD_RUNPATH_SEARCH_PATHS = (
					"$(inherited)",
					"@executable_path/Frameworks",
				);
				MARKETING_VERSION = 1.0;
				PRODUCT_BUNDLE_IDENTIFIER = "alexnikxx.Hello-App";
				PRODUCT_NAME = "$(TARGET_NAME)";
				SWIFT_EMIT_LOC_STRINGS = YES;
				SWIFT_VERSION = 5.0;
				TARGETED_DEVICE_FAMILY = "1,2";
			};
			name = Release;
		};
/* End XCBuildConfiguration section */

/* Begin XCConfigurationList section */
		2A1F21DC2BB5A8E40081DBEF /* Build configuration list for PBXProject "Hello_App" */ = {
			isa = XCConfigurationList;
			buildConfigurations = (
				2A1F21F32BB5A8E60081DBEF /* Debug */,
				2A1F21F42BB5A8E60081DBEF /* Release */,
			);
			defaultConfigurationIsVisible = 0;
			defaultConfigurationName = Release;
		};
		2A1F21F52BB5A8E60081DBEF /* Build configuration list for PBXNativeTarget "Hello_App" */ = {
			isa = XCConfigurationList;
			buildConfigurations = (
				2A1F21F62BB5A8E60081DBEF /* Debug */,
				2A1F21F72BB5A8E60081DBEF /* Release */,
			);
			defaultConfigurationIsVisible = 0;
			defaultConfigurationName = Release;
		};
/* End XCConfigurationList section */
	};
	rootObject = 2A1F21D92BB5A8E40081DBEF /* Project object */;
}
